
Microsoft Visual Studio Solution File, Format Version 12.00
# Visual Studio Version 16
VisualStudioVersion = 16.0.30002.166
MinimumVisualStudioVersion = 10.0.40219.1
Project("{FAE04EC0-301F-11D3-BF4B-00C04F79EFBC}") = "BitArrayCSharp", "BitArrayCSharp\BitArrayCSharp.csproj", "{0441BB74-144A-4071-AD72-E6FD746BC1DC}"
EndProject
Global
	GlobalSection(SolutionConfigurationPlatforms) = preSolution
		Debug|Any CPU = Debug|Any CPU
		Release|Any CPU = Release|Any CPU
	EndGlobalSection
	GlobalSection(ProjectConfigurationPlatforms) = postSolution
		{0441BB74-144A-4071-AD72-E6FD746BC1DC}.Debug|Any CPU.ActiveCfg = Debug|Any CPU
		{0441BB74-144A-4071-AD72-E6FD746BC1DC}.Debug|Any CPU.Build.0 = Debug|Any CPU
		{0441BB74-144A-4071-AD72-E6FD746BC1DC}.Release|Any CPU.ActiveCfg = Release|Any CPU
		{0441BB74-144A-4071-AD72-E6FD746BC1DC}.Release|Any CPU.Build.0 = Release|Any CPU
	EndGlobalSection
	GlobalSection(SolutionProperties) = preSolution
		HideSolutionNode = FALSE
	EndGlobalSection
	GlobalSection(ExtensibilityGlobals) = postSolution
		SolutionGuid = {43BDE6E7-3786-46A3-B847-98BCE6130211}
	EndGlobalSection
EndGlobal
