
Microsoft Visual Studio Solution File, Format Version 12.00
# Visual Studio Version 16
VisualStudioVersion = 16.0.31129.286
MinimumVisualStudioVersion = 10.0.40219.1
Project("{FAE04EC0-301F-11D3-BF4B-00C04F79EFBC}") = "Bai 35", "Bai 35\Bai 35.csproj", "{37DD8521-4A2B-4FEE-A677-1A6836AA69A3}"
EndProject
Global
	GlobalSection(SolutionConfigurationPlatforms) = preSolution
		Debug|Any CPU = Debug|Any CPU
		Release|Any CPU = Release|Any CPU
	EndGlobalSection
	GlobalSection(ProjectConfigurationPlatforms) = postSolution
		{37DD8521-4A2B-4FEE-A677-1A6836AA69A3}.Debug|Any CPU.ActiveCfg = Debug|Any CPU
		{37DD8521-4A2B-4FEE-A677-1A6836AA69A3}.Debug|Any CPU.Build.0 = Debug|Any CPU
		{37DD8521-4A2B-4FEE-A677-1A6836AA69A3}.Release|Any CPU.ActiveCfg = Release|Any CPU
		{37DD8521-4A2B-4FEE-A677-1A6836AA69A3}.Release|Any CPU.Build.0 = Release|Any CPU
	EndGlobalSection
	GlobalSection(SolutionProperties) = preSolution
		HideSolutionNode = FALSE
	EndGlobalSection
	GlobalSection(ExtensibilityGlobals) = postSolution
		SolutionGuid = {7D6FA137-5C7C-46D2-B4AE-753003B6DFB0}
	EndGlobalSection
EndGlobal
