
Microsoft Visual Studio Solution File, Format Version 12.00
# Visual Studio Version 16
VisualStudioVersion = 16.0.31129.286
MinimumVisualStudioVersion = 10.0.40219.1
Project("{FAE04EC0-301F-11D3-BF4B-00C04F79EFBC}") = "test", "test\test.csproj", "{73281EA8-603E-4A09-8842-694DFD5AAD85}"
EndProject
Global
	GlobalSection(SolutionConfigurationPlatforms) = preSolution
		Debug|Any CPU = Debug|Any CPU
		Release|Any CPU = Release|Any CPU
	EndGlobalSection
	GlobalSection(ProjectConfigurationPlatforms) = postSolution
		{73281EA8-603E-4A09-8842-694DFD5AAD85}.Debug|Any CPU.ActiveCfg = Debug|Any CPU
		{73281EA8-603E-4A09-8842-694DFD5AAD85}.Debug|Any CPU.Build.0 = Debug|Any CPU
		{73281EA8-603E-4A09-8842-694DFD5AAD85}.Release|Any CPU.ActiveCfg = Release|Any CPU
		{73281EA8-603E-4A09-8842-694DFD5AAD85}.Release|Any CPU.Build.0 = Release|Any CPU
	EndGlobalSection
	GlobalSection(SolutionProperties) = preSolution
		HideSolutionNode = FALSE
	EndGlobalSection
	GlobalSection(ExtensibilityGlobals) = postSolution
		SolutionGuid = {FEF5B5D3-01F2-4BAB-9FFE-2DEBB5E51642}
	EndGlobalSection
EndGlobal
