
Microsoft Visual Studio Solution File, Format Version 12.00
# Visual Studio Version 16
VisualStudioVersion = 16.0.30002.166
MinimumVisualStudioVersion = 10.0.40219.1
Project("{FAE04EC0-301F-11D3-BF4B-00C04F79EFBC}") = "QueueCSharp", "QueueCSharp\QueueCSharp.csproj", "{B9CB3C78-025D-4156-BA8E-5806D31BCA15}"
EndProject
Global
	GlobalSection(SolutionConfigurationPlatforms) = preSolution
		Debug|Any CPU = Debug|Any CPU
		Release|Any CPU = Release|Any CPU
	EndGlobalSection
	GlobalSection(ProjectConfigurationPlatforms) = postSolution
		{B9CB3C78-025D-4156-BA8E-5806D31BCA15}.Debug|Any CPU.ActiveCfg = Debug|Any CPU
		{B9CB3C78-025D-4156-BA8E-5806D31BCA15}.Debug|Any CPU.Build.0 = Debug|Any CPU
		{B9CB3C78-025D-4156-BA8E-5806D31BCA15}.Release|Any CPU.ActiveCfg = Release|Any CPU
		{B9CB3C78-025D-4156-BA8E-5806D31BCA15}.Release|Any CPU.Build.0 = Release|Any CPU
	EndGlobalSection
	GlobalSection(SolutionProperties) = preSolution
		HideSolutionNode = FALSE
	EndGlobalSection
	GlobalSection(ExtensibilityGlobals) = postSolution
		SolutionGuid = {46B58F2D-C258-493A-9FA5-B43FFD29D679}
	EndGlobalSection
EndGlobal
