
Microsoft Visual Studio Solution File, Format Version 12.00
# Visual Studio Version 16
VisualStudioVersion = 16.0.30413.136
MinimumVisualStudioVersion = 10.0.40219.1
Project("{FAE04EC0-301F-11D3-BF4B-00C04F79EFBC}") = "Test_Hide_Taskmanager", "Test_Hide_Taskmanager\Test_Hide_Taskmanager.csproj", "{EBE50DBC-B0FE-495D-99C8-1F99223AB8C9}"
EndProject
Global
	GlobalSection(SolutionConfigurationPlatforms) = preSolution
		Debug|Any CPU = Debug|Any CPU
		Release|Any CPU = Release|Any CPU
	EndGlobalSection
	GlobalSection(ProjectConfigurationPlatforms) = postSolution
		{EBE50DBC-B0FE-495D-99C8-1F99223AB8C9}.Debug|Any CPU.ActiveCfg = Debug|Any CPU
		{EBE50DBC-B0FE-495D-99C8-1F99223AB8C9}.Debug|Any CPU.Build.0 = Debug|Any CPU
		{EBE50DBC-B0FE-495D-99C8-1F99223AB8C9}.Release|Any CPU.ActiveCfg = Release|Any CPU
		{EBE50DBC-B0FE-495D-99C8-1F99223AB8C9}.Release|Any CPU.Build.0 = Release|Any CPU
	EndGlobalSection
	GlobalSection(SolutionProperties) = preSolution
		HideSolutionNode = FALSE
	EndGlobalSection
	GlobalSection(ExtensibilityGlobals) = postSolution
		SolutionGuid = {5ED5D3C0-FEA7-4D64-8660-E549B4615AFA}
	EndGlobalSection
EndGlobal
