
Microsoft Visual Studio Solution File, Format Version 12.00
# Visual Studio Version 17
VisualStudioVersion = 17.2.32516.85
MinimumVisualStudioVersion = 10.0.40219.1
Project("{FAE04EC0-301F-11D3-BF4B-00C04F79EFBC}") = "percentCalculator", "percentCalculator\percentCalculator.csproj", "{8564E326-B2AD-4AC4-84EF-8F4EB68C7EC6}"
EndProject
Global
	GlobalSection(SolutionConfigurationPlatforms) = preSolution
		Debug|Any CPU = Debug|Any CPU
		Release|Any CPU = Release|Any CPU
	EndGlobalSection
	GlobalSection(ProjectConfigurationPlatforms) = postSolution
		{8564E326-B2AD-4AC4-84EF-8F4EB68C7EC6}.Debug|Any CPU.ActiveCfg = Debug|Any CPU
		{8564E326-B2AD-4AC4-84EF-8F4EB68C7EC6}.Debug|Any CPU.Build.0 = Debug|Any CPU
		{8564E326-B2AD-4AC4-84EF-8F4EB68C7EC6}.Release|Any CPU.ActiveCfg = Release|Any CPU
		{8564E326-B2AD-4AC4-84EF-8F4EB68C7EC6}.Release|Any CPU.Build.0 = Release|Any CPU
	EndGlobalSection
	GlobalSection(SolutionProperties) = preSolution
		HideSolutionNode = FALSE
	EndGlobalSection
	GlobalSection(ExtensibilityGlobals) = postSolution
		SolutionGuid = {9AD78156-3168-4593-B232-C5DA16F84E57}
	EndGlobalSection
EndGlobal
