
Microsoft Visual Studio Solution File, Format Version 12.00
# Visual Studio Version 16
VisualStudioVersion = 16.0.29920.165
MinimumVisualStudioVersion = 10.0.40219.1
Project("{FAE04EC0-301F-11D3-BF4B-00C04F79EFBC}") = "TestWF13", "TestWF13\TestWF13.csproj", "{422A6F6B-3EA5-458E-8575-ED5C9CD6527E}"
EndProject
Global
	GlobalSection(SolutionConfigurationPlatforms) = preSolution
		Debug|Any CPU = Debug|Any CPU
		Release|Any CPU = Release|Any CPU
	EndGlobalSection
	GlobalSection(ProjectConfigurationPlatforms) = postSolution
		{422A6F6B-3EA5-458E-8575-ED5C9CD6527E}.Debug|Any CPU.ActiveCfg = Debug|Any CPU
		{422A6F6B-3EA5-458E-8575-ED5C9CD6527E}.Debug|Any CPU.Build.0 = Debug|Any CPU
		{422A6F6B-3EA5-458E-8575-ED5C9CD6527E}.Release|Any CPU.ActiveCfg = Release|Any CPU
		{422A6F6B-3EA5-458E-8575-ED5C9CD6527E}.Release|Any CPU.Build.0 = Release|Any CPU
	EndGlobalSection
	GlobalSection(SolutionProperties) = preSolution
		HideSolutionNode = FALSE
	EndGlobalSection
	GlobalSection(ExtensibilityGlobals) = postSolution
		SolutionGuid = {41B456BB-1B55-4348-BA22-45745C2AD0FD}
	EndGlobalSection
EndGlobal
