
Microsoft Visual Studio Solution File, Format Version 12.00
# Visual Studio Version 17
VisualStudioVersion = 17.0.32112.339
MinimumVisualStudioVersion = 10.0.40219.1
Project("{FAE04EC0-301F-11D3-BF4B-00C04F79EFBC}") = "BT_Tong_Hop3_Class_Struct", "BT_Tong_Hop3_Class_Struct\BT_Tong_Hop3_Class_Struct.csproj", "{FF39F7DC-B666-4F94-99AB-572DFC948A24}"
EndProject
Global
	GlobalSection(SolutionConfigurationPlatforms) = preSolution
		Debug|Any CPU = Debug|Any CPU
		Release|Any CPU = Release|Any CPU
	EndGlobalSection
	GlobalSection(ProjectConfigurationPlatforms) = postSolution
		{FF39F7DC-B666-4F94-99AB-572DFC948A24}.Debug|Any CPU.ActiveCfg = Debug|Any CPU
		{FF39F7DC-B666-4F94-99AB-572DFC948A24}.Debug|Any CPU.Build.0 = Debug|Any CPU
		{FF39F7DC-B666-4F94-99AB-572DFC948A24}.Release|Any CPU.ActiveCfg = Release|Any CPU
		{FF39F7DC-B666-4F94-99AB-572DFC948A24}.Release|Any CPU.Build.0 = Release|Any CPU
	EndGlobalSection
	GlobalSection(SolutionProperties) = preSolution
		HideSolutionNode = FALSE
	EndGlobalSection
	GlobalSection(ExtensibilityGlobals) = postSolution
		SolutionGuid = {9C70D496-D586-4AA7-9724-CD2C12DC54BC}
	EndGlobalSection
EndGlobal
