
Microsoft Visual Studio Solution File, Format Version 12.00
# Visual Studio Version 16
VisualStudioVersion = 16.0.31129.286
MinimumVisualStudioVersion = 10.0.40219.1
Project("{FAE04EC0-301F-11D3-BF4B-00C04F79EFBC}") = "ViDu1", "ViDu1\ViDu1.csproj", "{E42F1CBC-9A5F-4A40-9902-8D58A8C32BFF}"
EndProject
Global
	GlobalSection(SolutionConfigurationPlatforms) = preSolution
		Debug|Any CPU = Debug|Any CPU
		Release|Any CPU = Release|Any CPU
	EndGlobalSection
	GlobalSection(ProjectConfigurationPlatforms) = postSolution
		{E42F1CBC-9A5F-4A40-9902-8D58A8C32BFF}.Debug|Any CPU.ActiveCfg = Debug|Any CPU
		{E42F1CBC-9A5F-4A40-9902-8D58A8C32BFF}.Debug|Any CPU.Build.0 = Debug|Any CPU
		{E42F1CBC-9A5F-4A40-9902-8D58A8C32BFF}.Release|Any CPU.ActiveCfg = Release|Any CPU
		{E42F1CBC-9A5F-4A40-9902-8D58A8C32BFF}.Release|Any CPU.Build.0 = Release|Any CPU
	EndGlobalSection
	GlobalSection(SolutionProperties) = preSolution
		HideSolutionNode = FALSE
	EndGlobalSection
	GlobalSection(ExtensibilityGlobals) = postSolution
		SolutionGuid = {DAA3A675-2EF7-42BD-BD48-607B1F90D723}
	EndGlobalSection
EndGlobal
