
Microsoft Visual Studio Solution File, Format Version 12.00
# Visual Studio Version 16
VisualStudioVersion = 16.0.29911.84
MinimumVisualStudioVersion = 10.0.40219.1
Project("{FAE04EC0-301F-11D3-BF4B-00C04F79EFBC}") = "TWF9", "TWF9\TWF9.csproj", "{755E3E50-EF7A-4A7D-BB51-D8473EB5E058}"
EndProject
Global
	GlobalSection(SolutionConfigurationPlatforms) = preSolution
		Debug|Any CPU = Debug|Any CPU
		Release|Any CPU = Release|Any CPU
	EndGlobalSection
	GlobalSection(ProjectConfigurationPlatforms) = postSolution
		{755E3E50-EF7A-4A7D-BB51-D8473EB5E058}.Debug|Any CPU.ActiveCfg = Debug|Any CPU
		{755E3E50-EF7A-4A7D-BB51-D8473EB5E058}.Debug|Any CPU.Build.0 = Debug|Any CPU
		{755E3E50-EF7A-4A7D-BB51-D8473EB5E058}.Release|Any CPU.ActiveCfg = Release|Any CPU
		{755E3E50-EF7A-4A7D-BB51-D8473EB5E058}.Release|Any CPU.Build.0 = Release|Any CPU
	EndGlobalSection
	GlobalSection(SolutionProperties) = preSolution
		HideSolutionNode = FALSE
	EndGlobalSection
	GlobalSection(ExtensibilityGlobals) = postSolution
		SolutionGuid = {B61D41B3-8007-43EA-AF98-A5C968256F61}
	EndGlobalSection
EndGlobal
