
Microsoft Visual Studio Solution File, Format Version 12.00
# Visual Studio Version 16
VisualStudioVersion = 16.0.30413.136
MinimumVisualStudioVersion = 10.0.40219.1
Project("{FAE04EC0-301F-11D3-BF4B-00C04F79EFBC}") = "Tinh_Diem", "Tinh_Diem\Tinh_Diem.csproj", "{80A939A0-5F0E-40AA-8A57-8CE945D95C9D}"
EndProject
Global
	GlobalSection(SolutionConfigurationPlatforms) = preSolution
		Debug|Any CPU = Debug|Any CPU
		Release|Any CPU = Release|Any CPU
	EndGlobalSection
	GlobalSection(ProjectConfigurationPlatforms) = postSolution
		{80A939A0-5F0E-40AA-8A57-8CE945D95C9D}.Debug|Any CPU.ActiveCfg = Debug|Any CPU
		{80A939A0-5F0E-40AA-8A57-8CE945D95C9D}.Debug|Any CPU.Build.0 = Debug|Any CPU
		{80A939A0-5F0E-40AA-8A57-8CE945D95C9D}.Release|Any CPU.ActiveCfg = Release|Any CPU
		{80A939A0-5F0E-40AA-8A57-8CE945D95C9D}.Release|Any CPU.Build.0 = Release|Any CPU
	EndGlobalSection
	GlobalSection(SolutionProperties) = preSolution
		HideSolutionNode = FALSE
	EndGlobalSection
	GlobalSection(ExtensibilityGlobals) = postSolution
		SolutionGuid = {D2D234A4-3529-4FD7-AC4D-0364EF84EC6B}
	EndGlobalSection
EndGlobal
