
Microsoft Visual Studio Solution File, Format Version 12.00
# Visual Studio Version 16
VisualStudioVersion = 16.0.30413.136
MinimumVisualStudioVersion = 10.0.40219.1
Project("{FAE04EC0-301F-11D3-BF4B-00C04F79EFBC}") = "PressF", "PressF\PressF.csproj", "{16282B94-5976-42EC-B483-8269405979AA}"
EndProject
Global
	GlobalSection(SolutionConfigurationPlatforms) = preSolution
		Debug|Any CPU = Debug|Any CPU
		Release|Any CPU = Release|Any CPU
	EndGlobalSection
	GlobalSection(ProjectConfigurationPlatforms) = postSolution
		{16282B94-5976-42EC-B483-8269405979AA}.Debug|Any CPU.ActiveCfg = Debug|Any CPU
		{16282B94-5976-42EC-B483-8269405979AA}.Debug|Any CPU.Build.0 = Debug|Any CPU
		{16282B94-5976-42EC-B483-8269405979AA}.Release|Any CPU.ActiveCfg = Release|Any CPU
		{16282B94-5976-42EC-B483-8269405979AA}.Release|Any CPU.Build.0 = Release|Any CPU
	EndGlobalSection
	GlobalSection(SolutionProperties) = preSolution
		HideSolutionNode = FALSE
	EndGlobalSection
	GlobalSection(ExtensibilityGlobals) = postSolution
		SolutionGuid = {7F3DF14A-236E-459B-A273-ADA1AC2998F1}
	EndGlobalSection
EndGlobal
