
Microsoft Visual Studio Solution File, Format Version 12.00
# Visual Studio Version 16
VisualStudioVersion = 16.0.31129.286
MinimumVisualStudioVersion = 10.0.40219.1
Project("{FAE04EC0-301F-11D3-BF4B-00C04F79EFBC}") = "UploadFileToBrowser", "UploadFileToBrowser\UploadFileToBrowser.csproj", "{4E6D2CC3-7E7D-48AC-8F3A-7B08E6D911A1}"
EndProject
Global
	GlobalSection(SolutionConfigurationPlatforms) = preSolution
		Debug|Any CPU = Debug|Any CPU
		Release|Any CPU = Release|Any CPU
	EndGlobalSection
	GlobalSection(ProjectConfigurationPlatforms) = postSolution
		{4E6D2CC3-7E7D-48AC-8F3A-7B08E6D911A1}.Debug|Any CPU.ActiveCfg = Debug|Any CPU
		{4E6D2CC3-7E7D-48AC-8F3A-7B08E6D911A1}.Debug|Any CPU.Build.0 = Debug|Any CPU
		{4E6D2CC3-7E7D-48AC-8F3A-7B08E6D911A1}.Release|Any CPU.ActiveCfg = Release|Any CPU
		{4E6D2CC3-7E7D-48AC-8F3A-7B08E6D911A1}.Release|Any CPU.Build.0 = Release|Any CPU
	EndGlobalSection
	GlobalSection(SolutionProperties) = preSolution
		HideSolutionNode = FALSE
	EndGlobalSection
	GlobalSection(ExtensibilityGlobals) = postSolution
		SolutionGuid = {D23DE58A-028F-4734-BEA1-ACC363099B5D}
	EndGlobalSection
EndGlobal
