
Microsoft Visual Studio Solution File, Format Version 12.00
# Visual Studio Version 16
VisualStudioVersion = 16.0.31129.286
MinimumVisualStudioVersion = 10.0.40219.1
Project("{FAE04EC0-301F-11D3-BF4B-00C04F79EFBC}") = "Example", "Example\Example.csproj", "{B960EA83-AC9F-4601-B23C-9AE1956CF16D}"
EndProject
Global
	GlobalSection(SolutionConfigurationPlatforms) = preSolution
		Debug|Any CPU = Debug|Any CPU
		Release|Any CPU = Release|Any CPU
	EndGlobalSection
	GlobalSection(ProjectConfigurationPlatforms) = postSolution
		{B960EA83-AC9F-4601-B23C-9AE1956CF16D}.Debug|Any CPU.ActiveCfg = Debug|Any CPU
		{B960EA83-AC9F-4601-B23C-9AE1956CF16D}.Debug|Any CPU.Build.0 = Debug|Any CPU
		{B960EA83-AC9F-4601-B23C-9AE1956CF16D}.Release|Any CPU.ActiveCfg = Release|Any CPU
		{B960EA83-AC9F-4601-B23C-9AE1956CF16D}.Release|Any CPU.Build.0 = Release|Any CPU
	EndGlobalSection
	GlobalSection(SolutionProperties) = preSolution
		HideSolutionNode = FALSE
	EndGlobalSection
	GlobalSection(ExtensibilityGlobals) = postSolution
		SolutionGuid = {CE3A7277-F084-45E3-BD85-C319F74B4F9C}
	EndGlobalSection
EndGlobal
