
Microsoft Visual Studio Solution File, Format Version 12.00
# Visual Studio Version 16
VisualStudioVersion = 16.0.31129.286
MinimumVisualStudioVersion = 10.0.40219.1
Project("{FAE04EC0-301F-11D3-BF4B-00C04F79EFBC}") = "BTKTTH2Bai1", "BTKTTH2Bai1\BTKTTH2Bai1.csproj", "{ED401BE3-A77C-4FEB-BAAC-8638A994010E}"
EndProject
Global
	GlobalSection(SolutionConfigurationPlatforms) = preSolution
		Debug|Any CPU = Debug|Any CPU
		Release|Any CPU = Release|Any CPU
	EndGlobalSection
	GlobalSection(ProjectConfigurationPlatforms) = postSolution
		{ED401BE3-A77C-4FEB-BAAC-8638A994010E}.Debug|Any CPU.ActiveCfg = Debug|Any CPU
		{ED401BE3-A77C-4FEB-BAAC-8638A994010E}.Debug|Any CPU.Build.0 = Debug|Any CPU
		{ED401BE3-A77C-4FEB-BAAC-8638A994010E}.Release|Any CPU.ActiveCfg = Release|Any CPU
		{ED401BE3-A77C-4FEB-BAAC-8638A994010E}.Release|Any CPU.Build.0 = Release|Any CPU
	EndGlobalSection
	GlobalSection(SolutionProperties) = preSolution
		HideSolutionNode = FALSE
	EndGlobalSection
	GlobalSection(ExtensibilityGlobals) = postSolution
		SolutionGuid = {99AE961E-BC69-452B-AE48-3BD765230561}
	EndGlobalSection
EndGlobal
