
Microsoft Visual Studio Solution File, Format Version 12.00
# Visual Studio Version 16
VisualStudioVersion = 16.0.31129.286
MinimumVisualStudioVersion = 10.0.40219.1
Project("{FAE04EC0-301F-11D3-BF4B-00C04F79EFBC}") = "Bai22", "Bai22\Bai22.csproj", "{96E25ABF-9517-4341-965E-A112A516B537}"
EndProject
Global
	GlobalSection(SolutionConfigurationPlatforms) = preSolution
		Debug|Any CPU = Debug|Any CPU
		Release|Any CPU = Release|Any CPU
	EndGlobalSection
	GlobalSection(ProjectConfigurationPlatforms) = postSolution
		{96E25ABF-9517-4341-965E-A112A516B537}.Debug|Any CPU.ActiveCfg = Debug|Any CPU
		{96E25ABF-9517-4341-965E-A112A516B537}.Debug|Any CPU.Build.0 = Debug|Any CPU
		{96E25ABF-9517-4341-965E-A112A516B537}.Release|Any CPU.ActiveCfg = Release|Any CPU
		{96E25ABF-9517-4341-965E-A112A516B537}.Release|Any CPU.Build.0 = Release|Any CPU
	EndGlobalSection
	GlobalSection(SolutionProperties) = preSolution
		HideSolutionNode = FALSE
	EndGlobalSection
	GlobalSection(ExtensibilityGlobals) = postSolution
		SolutionGuid = {95814FDF-63B4-4741-B9D3-C4466BD4AF8B}
	EndGlobalSection
EndGlobal
