
Microsoft Visual Studio Solution File, Format Version 12.00
# Visual Studio Version 16
VisualStudioVersion = 16.0.31129.286
MinimumVisualStudioVersion = 10.0.40219.1
Project("{FAE04EC0-301F-11D3-BF4B-00C04F79EFBC}") = "Bai 34", "Bai 34\Bai 34.csproj", "{04A32FD0-4F8A-4D27-BDC0-1E3B77BE5C29}"
EndProject
Global
	GlobalSection(SolutionConfigurationPlatforms) = preSolution
		Debug|Any CPU = Debug|Any CPU
		Release|Any CPU = Release|Any CPU
	EndGlobalSection
	GlobalSection(ProjectConfigurationPlatforms) = postSolution
		{04A32FD0-4F8A-4D27-BDC0-1E3B77BE5C29}.Debug|Any CPU.ActiveCfg = Debug|Any CPU
		{04A32FD0-4F8A-4D27-BDC0-1E3B77BE5C29}.Debug|Any CPU.Build.0 = Debug|Any CPU
		{04A32FD0-4F8A-4D27-BDC0-1E3B77BE5C29}.Release|Any CPU.ActiveCfg = Release|Any CPU
		{04A32FD0-4F8A-4D27-BDC0-1E3B77BE5C29}.Release|Any CPU.Build.0 = Release|Any CPU
	EndGlobalSection
	GlobalSection(SolutionProperties) = preSolution
		HideSolutionNode = FALSE
	EndGlobalSection
	GlobalSection(ExtensibilityGlobals) = postSolution
		SolutionGuid = {D308309A-DEBE-4E26-8BA6-08B628E1E604}
	EndGlobalSection
EndGlobal
