
Microsoft Visual Studio Solution File, Format Version 12.00
# Visual Studio Version 16
VisualStudioVersion = 16.0.29911.84
MinimumVisualStudioVersion = 10.0.40219.1
Project("{FAE04EC0-301F-11D3-BF4B-00C04F79EFBC}") = "TestWF02", "TestWF02\TestWF02.csproj", "{74F375F2-271C-4801-BC86-6E2AD091FEE9}"
EndProject
Global
	GlobalSection(SolutionConfigurationPlatforms) = preSolution
		Debug|Any CPU = Debug|Any CPU
		Release|Any CPU = Release|Any CPU
	EndGlobalSection
	GlobalSection(ProjectConfigurationPlatforms) = postSolution
		{74F375F2-271C-4801-BC86-6E2AD091FEE9}.Debug|Any CPU.ActiveCfg = Debug|Any CPU
		{74F375F2-271C-4801-BC86-6E2AD091FEE9}.Debug|Any CPU.Build.0 = Debug|Any CPU
		{74F375F2-271C-4801-BC86-6E2AD091FEE9}.Release|Any CPU.ActiveCfg = Release|Any CPU
		{74F375F2-271C-4801-BC86-6E2AD091FEE9}.Release|Any CPU.Build.0 = Release|Any CPU
	EndGlobalSection
	GlobalSection(SolutionProperties) = preSolution
		HideSolutionNode = FALSE
	EndGlobalSection
	GlobalSection(ExtensibilityGlobals) = postSolution
		SolutionGuid = {1FF9766D-66A1-4538-B5C2-8695BA2D3B0B}
	EndGlobalSection
EndGlobal
