
Microsoft Visual Studio Solution File, Format Version 12.00
# Visual Studio Version 16
VisualStudioVersion = 16.0.29920.165
MinimumVisualStudioVersion = 10.0.40219.1
Project("{FAE04EC0-301F-11D3-BF4B-00C04F79EFBC}") = "TestWF22", "TestWF22\TestWF22.csproj", "{83E34210-EA75-4731-9273-A55B239C8C1B}"
EndProject
Global
	GlobalSection(SolutionConfigurationPlatforms) = preSolution
		Debug|Any CPU = Debug|Any CPU
		Release|Any CPU = Release|Any CPU
	EndGlobalSection
	GlobalSection(ProjectConfigurationPlatforms) = postSolution
		{83E34210-EA75-4731-9273-A55B239C8C1B}.Debug|Any CPU.ActiveCfg = Debug|Any CPU
		{83E34210-EA75-4731-9273-A55B239C8C1B}.Debug|Any CPU.Build.0 = Debug|Any CPU
		{83E34210-EA75-4731-9273-A55B239C8C1B}.Release|Any CPU.ActiveCfg = Release|Any CPU
		{83E34210-EA75-4731-9273-A55B239C8C1B}.Release|Any CPU.Build.0 = Release|Any CPU
	EndGlobalSection
	GlobalSection(SolutionProperties) = preSolution
		HideSolutionNode = FALSE
	EndGlobalSection
	GlobalSection(ExtensibilityGlobals) = postSolution
		SolutionGuid = {358F22A8-4D9A-4B5C-ADF4-DF405ACA2DF0}
	EndGlobalSection
EndGlobal
