
Microsoft Visual Studio Solution File, Format Version 12.00
# Visual Studio Version 16
VisualStudioVersion = 16.0.30002.166
MinimumVisualStudioVersion = 10.0.40219.1
Project("{FAE04EC0-301F-11D3-BF4B-00C04F79EFBC}") = "HashtableCsharp", "HashtableCsharp\HashtableCsharp.csproj", "{DEE6C8DE-FEF4-4C39-9C05-C156FC2239CF}"
EndProject
Global
	GlobalSection(SolutionConfigurationPlatforms) = preSolution
		Debug|Any CPU = Debug|Any CPU
		Release|Any CPU = Release|Any CPU
	EndGlobalSection
	GlobalSection(ProjectConfigurationPlatforms) = postSolution
		{DEE6C8DE-FEF4-4C39-9C05-C156FC2239CF}.Debug|Any CPU.ActiveCfg = Debug|Any CPU
		{DEE6C8DE-FEF4-4C39-9C05-C156FC2239CF}.Debug|Any CPU.Build.0 = Debug|Any CPU
		{DEE6C8DE-FEF4-4C39-9C05-C156FC2239CF}.Release|Any CPU.ActiveCfg = Release|Any CPU
		{DEE6C8DE-FEF4-4C39-9C05-C156FC2239CF}.Release|Any CPU.Build.0 = Release|Any CPU
	EndGlobalSection
	GlobalSection(SolutionProperties) = preSolution
		HideSolutionNode = FALSE
	EndGlobalSection
	GlobalSection(ExtensibilityGlobals) = postSolution
		SolutionGuid = {911E41AC-DEEE-47FD-90BC-41301667B0D5}
	EndGlobalSection
EndGlobal
